// !$*UTF8*$!
{
	archiveVersion = 1;
	classes = {
	};
	objectVersion = 51;
	objects = {

/* Begin PBXBuildFile section */
		7766C936DF6A971CCF1ADB67 /* Pods_countries.framework in Frameworks */ = {isa = PBXBuildFile; fileRef = 6066496D29386E42B06B008A /* Pods_countries.framework */; };
		EDDDE24024F4F12300F67339 /* AppDelegate.swift in Sources */ = {isa = PBXBuildFile; fileRef = EDDDE23F24F4F12300F67339 /* AppDelegate.swift */; };
		EDDDE24A24F4F12300F67339 /* countries.xcdatamodeld in Sources */ = {isa = PBXBuildFile; fileRef = EDDDE24824F4F12300F67339 /* countries.xcdatamodeld */; };
		EDDDE24C24F4F12600F67339 /* Assets.xcassets in Resources */ = {isa = PBXBuildFile; fileRef = EDDDE24B24F4F12600F67339 /* Assets.xcassets */; };
		EDDDE24F24F4F12600F67339 /* LaunchScreen.storyboard in Resources */ = {isa = PBXBuildFile; fileRef = EDDDE24D24F4F12600F67339 /* LaunchScreen.storyboard */; };
		EDDDE26024F4F42700F67339 /* CountryListEntity.swift in Sources */ = {isa = PBXBuildFile; fileRef = EDDDE25F24F4F42700F67339 /* CountryListEntity.swift */; };
		EDDDE26224F4F43800F67339 /* CountryListRouter.swift in Sources */ = {isa = PBXBuildFile; fileRef = EDDDE26124F4F43800F67339 /* CountryListRouter.swift */; };
		EDDDE26424F4F50E00F67339 /* CountryListInteractor.swift in Sources */ = {isa = PBXBuildFile; fileRef = EDDDE26324F4F50E00F67339 /* CountryListInteractor.swift */; };
		EDDDE26624F4F51900F67339 /* CountryListPresenter.swift in Sources */ = {isa = PBXBuildFile; fileRef = EDDDE26524F4F51900F67339 /* CountryListPresenter.swift */; };
		EDDDE26824F4F52200F67339 /* CountryListAssembly.swift in Sources */ = {isa = PBXBuildFile; fileRef = EDDDE26724F4F52200F67339 /* CountryListAssembly.swift */; };
		EDDDE26B24F4F57000F67339 /* CountryListViewController.swift in Sources */ = {isa = PBXBuildFile; fileRef = EDDDE26924F4F57000F67339 /* CountryListViewController.swift */; };
		EDDDE26C24F4F57000F67339 /* CountryListViewController.xib in Resources */ = {isa = PBXBuildFile; fileRef = EDDDE26A24F4F57000F67339 /* CountryListViewController.xib */; };
		EDDDE26E24F4F78700F67339 /* R.generated.swift in Sources */ = {isa = PBXBuildFile; fileRef = EDDDE26D24F4F78700F67339 /* R.generated.swift */; };
		EDDDE27224F4FA3300F67339 /* Localizable.strings in Resources */ = {isa = PBXBuildFile; fileRef = EDDDE27424F4FA3300F67339 /* Localizable.strings */; };
/* End PBXBuildFile section */

/* Begin PBXFileReference section */
		6066496D29386E42B06B008A /* Pods_countries.framework */ = {isa = PBXFileReference; explicitFileType = wrapper.framework; includeInIndex = 0; path = Pods_countries.framework; sourceTree = BUILT_PRODUCTS_DIR; };
		8319CE2A3F91C0C7B91C6014 /* Pods-countries.release.xcconfig */ = {isa = PBXFileReference; includeInIndex = 1; lastKnownFileType = text.xcconfig; name = "Pods-countries.release.xcconfig"; path = "Target Support Files/Pods-countries/Pods-countries.release.xcconfig"; sourceTree = "<group>"; };
		EDDDE23C24F4F12300F67339 /* countries.app */ = {isa = PBXFileReference; explicitFileType = wrapper.application; includeInIndex = 0; path = countries.app; sourceTree = BUILT_PRODUCTS_DIR; };
		EDDDE23F24F4F12300F67339 /* AppDelegate.swift */ = {isa = PBXFileReference; lastKnownFileType = sourcecode.swift; path = AppDelegate.swift; sourceTree = "<group>"; };
		EDDDE24924F4F12300F67339 /* countries.xcdatamodel */ = {isa = PBXFileReference; lastKnownFileType = wrapper.xcdatamodel; path = countries.xcdatamodel; sourceTree = "<group>"; };
		EDDDE24B24F4F12600F67339 /* Assets.xcassets */ = {isa = PBXFileReference; lastKnownFileType = folder.assetcatalog; path = Assets.xcassets; sourceTree = "<group>"; };
		EDDDE24E24F4F12600F67339 /* Base */ = {isa = PBXFileReference; lastKnownFileType = file.storyboard; name = Base; path = Base.lproj/LaunchScreen.storyboard; sourceTree = "<group>"; };
		EDDDE25024F4F12600F67339 /* Info.plist */ = {isa = PBXFileReference; lastKnownFileType = text.plist.xml; path = Info.plist; sourceTree = "<group>"; };
		EDDDE25F24F4F42700F67339 /* CountryListEntity.swift */ = {isa = PBXFileReference; lastKnownFileType = sourcecode.swift; path = CountryListEntity.swift; sourceTree = "<group>"; };
		EDDDE26124F4F43800F67339 /* CountryListRouter.swift */ = {isa = PBXFileReference; lastKnownFileType = sourcecode.swift; path = CountryListRouter.swift; sourceTree = "<group>"; };
		EDDDE26324F4F50E00F67339 /* CountryListInteractor.swift */ = {isa = PBXFileReference; lastKnownFileType = sourcecode.swift; path = CountryListInteractor.swift; sourceTree = "<group>"; };
		EDDDE26524F4F51900F67339 /* CountryListPresenter.swift */ = {isa = PBXFileReference; lastKnownFileType = sourcecode.swift; path = CountryListPresenter.swift; sourceTree = "<group>"; };
		EDDDE26724F4F52200F67339 /* CountryListAssembly.swift */ = {isa = PBXFileReference; lastKnownFileType = sourcecode.swift; path = CountryListAssembly.swift; sourceTree = "<group>"; };
		EDDDE26924F4F57000F67339 /* CountryListViewController.swift */ = {isa = PBXFileReference; lastKnownFileType = sourcecode.swift; path = CountryListViewController.swift; sourceTree = "<group>"; };
		EDDDE26A24F4F57000F67339 /* CountryListViewController.xib */ = {isa = PBXFileReference; lastKnownFileType = file.xib; path = CountryListViewController.xib; sourceTree = "<group>"; };
		EDDDE26D24F4F78700F67339 /* R.generated.swift */ = {isa = PBXFileReference; fileEncoding = 4; lastKnownFileType = sourcecode.swift; path = R.generated.swift; sourceTree = SOURCE_ROOT; };
		EDDDE27324F4FA3300F67339 /* ru */ = {isa = PBXFileReference; lastKnownFileType = text.plist.strings; name = ru; path = ru.lproj/Localizable.strings; sourceTree = "<group>"; };
		F7AB500AB93CEF2A272BB8CB /* Pods-countries.debug.xcconfig */ = {isa = PBXFileReference; includeInIndex = 1; lastKnownFileType = text.xcconfig; name = "Pods-countries.debug.xcconfig"; path = "Target Support Files/Pods-countries/Pods-countries.debug.xcconfig"; sourceTree = "<group>"; };
/* End PBXFileReference section */

/* Begin PBXFrameworksBuildPhase section */
		EDDDE23924F4F12300F67339 /* Frameworks */ = {
			isa = PBXFrameworksBuildPhase;
			buildActionMask = 2147483647;
			files = (
				7766C936DF6A971CCF1ADB67 /* Pods_countries.framework in Frameworks */,
			);
			runOnlyForDeploymentPostprocessing = 0;
		};
/* End PBXFrameworksBuildPhase section */

/* Begin PBXGroup section */
		5199B8DF70BEA94252F08328 /* Frameworks */ = {
			isa = PBXGroup;
			children = (
				6066496D29386E42B06B008A /* Pods_countries.framework */,
			);
			name = Frameworks;
			sourceTree = "<group>";
		};
		5DF7E1EAD8A0B1E461049A89 /* Pods */ = {
			isa = PBXGroup;
			children = (
				F7AB500AB93CEF2A272BB8CB /* Pods-countries.debug.xcconfig */,
				8319CE2A3F91C0C7B91C6014 /* Pods-countries.release.xcconfig */,
			);
			path = Pods;
			sourceTree = "<group>";
		};
		EDDDE23324F4F12300F67339 = {
			isa = PBXGroup;
			children = (
				EDDDE23E24F4F12300F67339 /* countries */,
				EDDDE23D24F4F12300F67339 /* Products */,
				5DF7E1EAD8A0B1E461049A89 /* Pods */,
				5199B8DF70BEA94252F08328 /* Frameworks */,
			);
			sourceTree = "<group>";
		};
		EDDDE23D24F4F12300F67339 /* Products */ = {
			isa = PBXGroup;
			children = (
				EDDDE23C24F4F12300F67339 /* countries.app */,
			);
			name = Products;
			sourceTree = "<group>";
		};
		EDDDE23E24F4F12300F67339 /* countries */ = {
			isa = PBXGroup;
			children = (
				EDDDE23F24F4F12300F67339 /* AppDelegate.swift */,
				EDDDE25024F4F12600F67339 /* Info.plist */,
				EDDDE25724F4F32F00F67339 /* Models */,
				EDDDE25824F4F33800F67339 /* Resourses */,
				EDDDE25924F4F34800F67339 /* Screens */,
				EDDDE25A24F4F35400F67339 /* Networking */,
				EDDDE25B24F4F36800F67339 /* DB */,
			);
			path = countries;
			sourceTree = "<group>";
		};
		EDDDE25724F4F32F00F67339 /* Models */ = {
			isa = PBXGroup;
			children = (
			);
			path = Models;
			sourceTree = "<group>";
		};
		EDDDE25824F4F33800F67339 /* Resourses */ = {
			isa = PBXGroup;
			children = (
				EDDDE26D24F4F78700F67339 /* R.generated.swift */,
				EDDDE24B24F4F12600F67339 /* Assets.xcassets */,
				EDDDE24D24F4F12600F67339 /* LaunchScreen.storyboard */,
				EDDDE27424F4FA3300F67339 /* Localizable.strings */,
			);
			path = Resourses;
			sourceTree = "<group>";
		};
		EDDDE25924F4F34800F67339 /* Screens */ = {
			isa = PBXGroup;
			children = (
				EDDDE25E24F4F39100F67339 /* CountryList */,
			);
			path = Screens;
			sourceTree = "<group>";
		};
		EDDDE25A24F4F35400F67339 /* Networking */ = {
			isa = PBXGroup;
			children = (
			);
			path = Networking;
			sourceTree = "<group>";
		};
		EDDDE25B24F4F36800F67339 /* DB */ = {
			isa = PBXGroup;
			children = (
				EDDDE24824F4F12300F67339 /* countries.xcdatamodeld */,
			);
			path = DB;
			sourceTree = "<group>";
		};
		EDDDE25E24F4F39100F67339 /* CountryList */ = {
			isa = PBXGroup;
			children = (
				EDDDE26724F4F52200F67339 /* CountryListAssembly.swift */,
				EDDDE26924F4F57000F67339 /* CountryListViewController.swift */,
				EDDDE26A24F4F57000F67339 /* CountryListViewController.xib */,
				EDDDE26524F4F51900F67339 /* CountryListPresenter.swift */,
				EDDDE26324F4F50E00F67339 /* CountryListInteractor.swift */,
				EDDDE26124F4F43800F67339 /* CountryListRouter.swift */,
				EDDDE25F24F4F42700F67339 /* CountryListEntity.swift */,
			);
			path = CountryList;
			sourceTree = "<group>";
		};
/* End PBXGroup section */

/* Begin PBXNativeTarget section */
		EDDDE23B24F4F12300F67339 /* countries */ = {
			isa = PBXNativeTarget;
			buildConfigurationList = EDDDE25324F4F12600F67339 /* Build configuration list for PBXNativeTarget "countries" */;
			buildPhases = (
				EDDDE25624F4F2D600F67339 /* R.swift */,
				6F151DFFE193301BAA4BAB72 /* [CP] Check Pods Manifest.lock */,
				EDDDE23824F4F12300F67339 /* Sources */,
				EDDDE23924F4F12300F67339 /* Frameworks */,
				EDDDE23A24F4F12300F67339 /* Resources */,
				A9BD56BC7B4AA18B79D68D5E /* [CP] Embed Pods Frameworks */,
			);
			buildRules = (
			);
			dependencies = (
			);
			name = countries;
			productName = countries;
			productReference = EDDDE23C24F4F12300F67339 /* countries.app */;
			productType = "com.apple.product-type.application";
		};
/* End PBXNativeTarget section */

/* Begin PBXProject section */
		EDDDE23424F4F12300F67339 /* Project object */ = {
			isa = PBXProject;
			attributes = {
				LastSwiftUpdateCheck = 1160;
				LastUpgradeCheck = 1160;
				ORGANIZATIONNAME = bayukov;
				TargetAttributes = {
					EDDDE23B24F4F12300F67339 = {
						CreatedOnToolsVersion = 11.6;
					};
				};
			};
			buildConfigurationList = EDDDE23724F4F12300F67339 /* Build configuration list for PBXProject "countries" */;
			compatibilityVersion = "Xcode 9.3";
			developmentRegion = ru;
			hasScannedForEncodings = 0;
			knownRegions = (
				ru,
				Base,
			);
			mainGroup = EDDDE23324F4F12300F67339;
			productRefGroup = EDDDE23D24F4F12300F67339 /* Products */;
			projectDirPath = "";
			projectRoot = "";
			targets = (
				EDDDE23B24F4F12300F67339 /* countries */,
			);
		};
/* End PBXProject section */

/* Begin PBXResourcesBuildPhase section */
		EDDDE23A24F4F12300F67339 /* Resources */ = {
			isa = PBXResourcesBuildPhase;
			buildActionMask = 2147483647;
			files = (
				EDDDE24F24F4F12600F67339 /* LaunchScreen.storyboard in Resources */,
				EDDDE27224F4FA3300F67339 /* Localizable.strings in Resources */,
				EDDDE24C24F4F12600F67339 /* Assets.xcassets in Resources */,
				EDDDE26C24F4F57000F67339 /* CountryListViewController.xib in Resources */,
			);
			runOnlyForDeploymentPostprocessing = 0;
		};
/* End PBXResourcesBuildPhase section */

/* Begin PBXShellScriptBuildPhase section */
		6F151DFFE193301BAA4BAB72 /* [CP] Check Pods Manifest.lock */ = {
			isa = PBXShellScriptBuildPhase;
			buildActionMask = 2147483647;
			files = (
			);
			inputFileListPaths = (
			);
			inputPaths = (
				"${PODS_PODFILE_DIR_PATH}/Podfile.lock",
				"${PODS_ROOT}/Manifest.lock",
			);
			name = "[CP] Check Pods Manifest.lock";
			outputFileListPaths = (
			);
			outputPaths = (
				"$(DERIVED_FILE_DIR)/Pods-countries-checkManifestLockResult.txt",
			);
			runOnlyForDeploymentPostprocessing = 0;
			shellPath = /bin/sh;
			shellScript = "diff \"${PODS_PODFILE_DIR_PATH}/Podfile.lock\" \"${PODS_ROOT}/Manifest.lock\" > /dev/null\nif [ $? != 0 ] ; then\n    # print error to STDERR\n    echo \"error: The sandbox is not in sync with the Podfile.lock. Run 'pod install' or update your CocoaPods installation.\" >&2\n    exit 1\nfi\n# This output is used by Xcode 'outputs' to avoid re-running this script phase.\necho \"SUCCESS\" > \"${SCRIPT_OUTPUT_FILE_0}\"\n";
			showEnvVarsInLog = 0;
		};
		A9BD56BC7B4AA18B79D68D5E /* [CP] Embed Pods Frameworks */ = {
			isa = PBXShellScriptBuildPhase;
			buildActionMask = 2147483647;
			files = (
			);
			inputFileListPaths = (
				"${PODS_ROOT}/Target Support Files/Pods-countries/Pods-countries-frameworks-${CONFIGURATION}-input-files.xcfilelist",
			);
			name = "[CP] Embed Pods Frameworks";
			outputFileListPaths = (
				"${PODS_ROOT}/Target Support Files/Pods-countries/Pods-countries-frameworks-${CONFIGURATION}-output-files.xcfilelist",
			);
			runOnlyForDeploymentPostprocessing = 0;
			shellPath = /bin/sh;
			shellScript = "\"${PODS_ROOT}/Target Support Files/Pods-countries/Pods-countries-frameworks.sh\"\n";
			showEnvVarsInLog = 0;
		};
		EDDDE25624F4F2D600F67339 /* R.swift */ = {
			isa = PBXShellScriptBuildPhase;
			buildActionMask = 2147483647;
			files = (
			);
			inputFileListPaths = (
			);
			inputPaths = (
				"$TEMP_DIR/rswift-lastrun",
			);
			name = R.swift;
			outputFileListPaths = (
			);
			outputPaths = (
				$SRCROOT/R.generated.swift,
			);
			runOnlyForDeploymentPostprocessing = 0;
			shellPath = /bin/sh;
			shellScript = "\"$PODS_ROOT/R.swift/rswift\" generate \"$SRCROOT/R.generated.swift\"\n";
		};
/* End PBXShellScriptBuildPhase section */

/* Begin PBXSourcesBuildPhase section */
		EDDDE23824F4F12300F67339 /* Sources */ = {
			isa = PBXSourcesBuildPhase;
			buildActionMask = 2147483647;
			files = (
				EDDDE26B24F4F57000F67339 /* CountryListViewController.swift in Sources */,
				EDDDE24024F4F12300F67339 /* AppDelegate.swift in Sources */,
				EDDDE26E24F4F78700F67339 /* R.generated.swift in Sources */,
				EDDDE26424F4F50E00F67339 /* CountryListInteractor.swift in Sources */,
				EDDDE24A24F4F12300F67339 /* countries.xcdatamodeld in Sources */,
				EDDDE26824F4F52200F67339 /* CountryListAssembly.swift in Sources */,
				EDDDE26224F4F43800F67339 /* CountryListRouter.swift in Sources */,
				EDDDE26624F4F51900F67339 /* CountryListPresenter.swift in Sources */,
				EDDDE26024F4F42700F67339 /* CountryListEntity.swift in Sources */,
			);
			runOnlyForDeploymentPostprocessing = 0;
		};
/* End PBXSourcesBuildPhase section */

/* Begin PBXVariantGroup section */
		EDDDE24D24F4F12600F67339 /* LaunchScreen.storyboard */ = {
			isa = PBXVariantGroup;
			children = (
				EDDDE24E24F4F12600F67339 /* Base */,
			);
			name = LaunchScreen.storyboard;
			sourceTree = "<group>";
		};
		EDDDE27424F4FA3300F67339 /* Localizable.strings */ = {
			isa = PBXVariantGroup;
			children = (
				EDDDE27324F4FA3300F67339 /* ru */,
			);
			name = Localizable.strings;
			sourceTree = "<group>";
		};
/* End PBXVariantGroup section */

/* Begin XCBuildConfiguration section */
		EDDDE25124F4F12600F67339 /* Debug */ = {
			isa = XCBuildConfiguration;
			buildSettings = {
				ALWAYS_SEARCH_USER_PATHS = NO;
				CLANG_ANALYZER_LOCALIZABILITY_NONLOCALIZED = YES;
				CLANG_ANALYZER_NONNULL = YES;
				CLANG_ANALYZER_NUMBER_OBJECT_CONVERSION = YES_AGGRESSIVE;
				CLANG_CXX_LANGUAGE_STANDARD = "gnu++14";
				CLANG_CXX_LIBRARY = "libc++";
				CLANG_ENABLE_MODULES = YES;
				CLANG_ENABLE_OBJC_ARC = YES;
				CLANG_ENABLE_OBJC_WEAK = YES;
				CLANG_WARN_BLOCK_CAPTURE_AUTORELEASING = YES;
				CLANG_WARN_BOOL_CONVERSION = YES;
				CLANG_WARN_COMMA = YES;
				CLANG_WARN_CONSTANT_CONVERSION = YES;
				CLANG_WARN_DEPRECATED_OBJC_IMPLEMENTATIONS = YES;
				CLANG_WARN_DIRECT_OBJC_ISA_USAGE = YES_ERROR;
				CLANG_WARN_DOCUMENTATION_COMMENTS = YES;
				CLANG_WARN_EMPTY_BODY = YES;
				CLANG_WARN_ENUM_CONVERSION = YES;
				CLANG_WARN_INFINITE_RECURSION = YES;
				CLANG_WARN_INT_CONVERSION = YES;
				CLANG_WARN_NON_LITERAL_NULL_CONVERSION = YES;
				CLANG_WARN_OBJC_IMPLICIT_RETAIN_SELF = YES;
				CLANG_WARN_OBJC_LITERAL_CONVERSION = YES;
				CLANG_WARN_OBJC_ROOT_CLASS = YES_ERROR;
				CLANG_WARN_RANGE_LOOP_ANALYSIS = YES;
				CLANG_WARN_STRICT_PROTOTYPES = YES;
				CLANG_WARN_SUSPICIOUS_MOVE = YES;
				CLANG_WARN_UNGUARDED_AVAILABILITY = YES_AGGRESSIVE;
				CLANG_WARN_UNREACHABLE_CODE = YES;
				CLANG_WARN__DUPLICATE_METHOD_MATCH = YES;
				COPY_PHASE_STRIP = NO;
				DEBUG_INFORMATION_FORMAT = dwarf;
				ENABLE_STRICT_OBJC_MSGSEND = YES;
				ENABLE_TESTABILITY = YES;
				GCC_C_LANGUAGE_STANDARD = gnu11;
				GCC_DYNAMIC_NO_PIC = NO;
				GCC_NO_COMMON_BLOCKS = YES;
				GCC_OPTIMIZATION_LEVEL = 0;
				GCC_PREPROCESSOR_DEFINITIONS = (
					"DEBUG=1",
					"$(inherited)",
				);
				GCC_WARN_64_TO_32_BIT_CONVERSION = YES;
				GCC_WARN_ABOUT_RETURN_TYPE = YES_ERROR;
				GCC_WARN_UNDECLARED_SELECTOR = YES;
				GCC_WARN_UNINITIALIZED_AUTOS = YES_AGGRESSIVE;
				GCC_WARN_UNUSED_FUNCTION = YES;
				GCC_WARN_UNUSED_VARIABLE = YES;
				IPHONEOS_DEPLOYMENT_TARGET = 13.6;
				MTL_ENABLE_DEBUG_INFO = INCLUDE_SOURCE;
				MTL_FAST_MATH = YES;
				ONLY_ACTIVE_ARCH = YES;
				SDKROOT = iphoneos;
				SWIFT_ACTIVE_COMPILATION_CONDITIONS = DEBUG;
				SWIFT_OPTIMIZATION_LEVEL = "-Onone";
			};
			name = Debug;
		};
		EDDDE25224F4F12600F67339 /* Release */ = {
			isa = XCBuildConfiguration;
			buildSettings = {
				ALWAYS_SEARCH_USER_PATHS = NO;
				CLANG_ANALYZER_LOCALIZABILITY_NONLOCALIZED = YES;
				CLANG_ANALYZER_NONNULL = YES;
				CLANG_ANALYZER_NUMBER_OBJECT_CONVERSION = YES_AGGRESSIVE;
				CLANG_CXX_LANGUAGE_STANDARD = "gnu++14";
				CLANG_CXX_LIBRARY = "libc++";
				CLANG_ENABLE_MODULES = YES;
				CLANG_ENABLE_OBJC_ARC = YES;
				CLANG_ENABLE_OBJC_WEAK = YES;
				CLANG_WARN_BLOCK_CAPTURE_AUTORELEASING = YES;
				CLANG_WARN_BOOL_CONVERSION = YES;
				CLANG_WARN_COMMA = YES;
				CLANG_WARN_CONSTANT_CONVERSION = YES;
				CLANG_WARN_DEPRECATED_OBJC_IMPLEMENTATIONS = YES;
				CLANG_WARN_DIRECT_OBJC_ISA_USAGE = YES_ERROR;
				CLANG_WARN_DOCUMENTATION_COMMENTS = YES;
				CLANG_WARN_EMPTY_BODY = YES;
				CLANG_WARN_ENUM_CONVERSION = YES;
				CLANG_WARN_INFINITE_RECURSION = YES;
				CLANG_WARN_INT_CONVERSION = YES;
				CLANG_WARN_NON_LITERAL_NULL_CONVERSION = YES;
				CLANG_WARN_OBJC_IMPLICIT_RETAIN_SELF = YES;
				CLANG_WARN_OBJC_LITERAL_CONVERSION = YES;
				CLANG_WARN_OBJC_ROOT_CLASS = YES_ERROR;
				CLANG_WARN_RANGE_LOOP_ANALYSIS = YES;
				CLANG_WARN_STRICT_PROTOTYPES = YES;
				CLANG_WARN_SUSPICIOUS_MOVE = YES;
				CLANG_WARN_UNGUARDED_AVAILABILITY = YES_AGGRESSIVE;
				CLANG_WARN_UNREACHABLE_CODE = YES;
				CLANG_WARN__DUPLICATE_METHOD_MATCH = YES;
				COPY_PHASE_STRIP = NO;
				DEBUG_INFORMATION_FORMAT = "dwarf-with-dsym";
				ENABLE_NS_ASSERTIONS = NO;
				ENABLE_STRICT_OBJC_MSGSEND = YES;
				GCC_C_LANGUAGE_STANDARD = gnu11;
				GCC_NO_COMMON_BLOCKS = YES;
				GCC_WARN_64_TO_32_BIT_CONVERSION = YES;
				GCC_WARN_ABOUT_RETURN_TYPE = YES_ERROR;
				GCC_WARN_UNDECLARED_SELECTOR = YES;
				GCC_WARN_UNINITIALIZED_AUTOS = YES_AGGRESSIVE;
				GCC_WARN_UNUSED_FUNCTION = YES;
				GCC_WARN_UNUSED_VARIABLE = YES;
				IPHONEOS_DEPLOYMENT_TARGET = 13.6;
				MTL_ENABLE_DEBUG_INFO = NO;
				MTL_FAST_MATH = YES;
				SDKROOT = iphoneos;
				SWIFT_COMPILATION_MODE = wholemodule;
				SWIFT_OPTIMIZATION_LEVEL = "-O";
				VALIDATE_PRODUCT = YES;
			};
			name = Release;
		};
		EDDDE25424F4F12600F67339 /* Debug */ = {
			isa = XCBuildConfiguration;
			baseConfigurationReference = F7AB500AB93CEF2A272BB8CB /* Pods-countries.debug.xcconfig */;
			buildSettings = {
				ASSETCATALOG_COMPILER_APPICON_NAME = AppIcon;
				CODE_SIGN_STYLE = Automatic;
				DEVELOPMENT_TEAM = 7PN6PXP9S4;
				INFOPLIST_FILE = countries/Info.plist;
				LD_RUNPATH_SEARCH_PATHS = (
					"$(inherited)",
					"@executable_path/Frameworks",
				);
				PRODUCT_BUNDLE_IDENTIFIER = com.appcraft.dsgo;
				PRODUCT_NAME = "$(TARGET_NAME)";
				SWIFT_VERSION = 5.0;
				TARGETED_DEVICE_FAMILY = "1,2";
			};
			name = Debug;
		};
		EDDDE25524F4F12600F67339 /* Release */ = {
			isa = XCBuildConfiguration;
			baseConfigurationReference = 8319CE2A3F91C0C7B91C6014 /* Pods-countries.release.xcconfig */;
			buildSettings = {
				ASSETCATALOG_COMPILER_APPICON_NAME = AppIcon;
				CODE_SIGN_STYLE = Automatic;
				DEVELOPMENT_TEAM = 7PN6PXP9S4;
				INFOPLIST_FILE = countries/Info.plist;
				LD_RUNPATH_SEARCH_PATHS = (
					"$(inherited)",
					"@executable_path/Frameworks",
				);
				PRODUCT_BUNDLE_IDENTIFIER = com.appcraft.dsgo;
				PRODUCT_NAME = "$(TARGET_NAME)";
				SWIFT_VERSION = 5.0;
				TARGETED_DEVICE_FAMILY = "1,2";
			};
			name = Release;
		};
/* End XCBuildConfiguration section */

/* Begin XCConfigurationList section */
		EDDDE23724F4F12300F67339 /* Build configuration list for PBXProject "countries" */ = {
			isa = XCConfigurationList;
			buildConfigurations = (
				EDDDE25124F4F12600F67339 /* Debug */,
				EDDDE25224F4F12600F67339 /* Release */,
			);
			defaultConfigurationIsVisible = 0;
			defaultConfigurationName = Release;
		};
		EDDDE25324F4F12600F67339 /* Build configuration list for PBXNativeTarget "countries" */ = {
			isa = XCConfigurationList;
			buildConfigurations = (
				EDDDE25424F4F12600F67339 /* Debug */,
				EDDDE25524F4F12600F67339 /* Release */,
			);
			defaultConfigurationIsVisible = 0;
			defaultConfigurationName = Release;
		};
/* End XCConfigurationList section */

/* Begin XCVersionGroup section */
		EDDDE24824F4F12300F67339 /* countries.xcdatamodeld */ = {
			isa = XCVersionGroup;
			children = (
				EDDDE24924F4F12300F67339 /* countries.xcdatamodel */,
			);
			currentVersion = EDDDE24924F4F12300F67339 /* countries.xcdatamodel */;
			path = countries.xcdatamodeld;
			sourceTree = "<group>";
			versionGroupType = wrapper.xcdatamodel;
		};
/* End XCVersionGroup section */
	};
	rootObject = EDDDE23424F4F12300F67339 /* Project object */;
}
